
Microsoft Visual Studio Solution File, Format Version 12.00
# Visual Studio 15
Project("{FAE04EC0-301F-11D3-BF4B-00C04F79EFBC}") = "Assembly-CSharp", "Assembly-CSharp.csproj", "{408E2E6F-7CFC-5ABD-33D3-EA84C056C44C}"
EndProject
Project("{FAE04EC0-301F-11D3-BF4B-00C04F79EFBC}") = "UnityEngine.TestRunner", "UnityEngine.TestRunner.csproj", "{BED1F140-4E15-3FED-1DBC-D230FDB849AB}"
EndProject
Project("{FAE04EC0-301F-11D3-BF4B-00C04F79EFBC}") = "UnityEngine.UI", "UnityEngine.UI.csproj", "{4F16EBC5-1700-CAFD-BEAF-B46B8CCB0B3A}"
EndProject
Project("{FAE04EC0-301F-11D3-BF4B-00C04F79EFBC}") = "Unity.Timeline", "Unity.Timeline.csproj", "{DA6E3D04-48BB-1560-86AF-F0047008F637}"
EndProject
Project("{FAE04EC0-301F-11D3-BF4B-00C04F79EFBC}") = "Unity.TextMeshPro", "Unity.TextMeshPro.csproj", "{A3AC8BE2-86C4-E460-9127-BDC5C7BC970F}"
EndProject
Project("{FAE04EC0-301F-11D3-BF4B-00C04F79EFBC}") = "Unity.Timeline.Editor", "Unity.Timeline.Editor.csproj", "{AB11B248-3036-BDE0-B63F-24D0CBC3D2FD}"
EndProject
Project("{FAE04EC0-301F-11D3-BF4B-00C04F79EFBC}") = "UnityEditor.TestRunner", "UnityEditor.TestRunner.csproj", "{1597EFCE-3E32-10A7-9A25-08DC01D68E9A}"
EndProject
Project("{FAE04EC0-301F-11D3-BF4B-00C04F79EFBC}") = "UnityEditor.UI", "UnityEditor.UI.csproj", "{C4136886-9F0D-068B-5F35-EB7A694B15D0}"
EndProject
Project("{FAE04EC0-301F-11D3-BF4B-00C04F79EFBC}") = "Unity.VisualStudio.Editor", "Unity.VisualStudio.Editor.csproj", "{E1125AD0-340B-F5B6-CE66-6AFED6D25FF3}"
EndProject
Project("{FAE04EC0-301F-11D3-BF4B-00C04F79EFBC}") = "Unity.TextMeshPro.Editor", "Unity.TextMeshPro.Editor.csproj", "{918A5780-0BA9-1E99-FF02-39C2867DC906}"
EndProject
Project("{FAE04EC0-301F-11D3-BF4B-00C04F79EFBC}") = "Unity.CollabProxy.Editor", "Unity.CollabProxy.Editor.csproj", "{97471FD4-CD60-255C-2E6C-03E124623EC3}"
EndProject
Project("{FAE04EC0-301F-11D3-BF4B-00C04F79EFBC}") = "Unity.VSCode.Editor", "Unity.VSCode.Editor.csproj", "{85F41785-3714-A818-9169-30A6269653DE}"
EndProject
Project("{FAE04EC0-301F-11D3-BF4B-00C04F79EFBC}") = "Unity.Rider.Editor", "Unity.Rider.Editor.csproj", "{9F051AF6-0F0C-C166-637C-37A3598DD909}"
EndProject
Project("{FAE04EC0-301F-11D3-BF4B-00C04F79EFBC}") = "Assembly-CSharp", "Assembly-CSharp.Player.csproj", "{3B97E343-07C0-1C40-D39D-9C02C9765A7D}"
EndProject
Project("{FAE04EC0-301F-11D3-BF4B-00C04F79EFBC}") = "UnityEngine.TestRunner", "UnityEngine.TestRunner.Player.csproj", "{8C6593A7-137D-2AFF-2505-9149342FB41F}"
EndProject
Project("{FAE04EC0-301F-11D3-BF4B-00C04F79EFBC}") = "UnityEngine.UI", "UnityEngine.UI.Player.csproj", "{62AA0D51-65FA-96D6-27DF-FA94DE2C484A}"
EndProject
Project("{FAE04EC0-301F-11D3-BF4B-00C04F79EFBC}") = "Unity.Timeline", "Unity.Timeline.Player.csproj", "{16577DCF-A207-3BAD-D6BD-3BD4C3FBB446}"
EndProject
Project("{FAE04EC0-301F-11D3-BF4B-00C04F79EFBC}") = "Unity.TextMeshPro", "Unity.TextMeshPro.Player.csproj", "{5FF63B45-9EDD-6943-B254-9869815C4550}"
EndProject
Global
	GlobalSection(SolutionConfigurationPlatforms) = preSolution
		Debug|Any CPU = Debug|Any CPU
		Release|Any CPU = Release|Any CPU
	EndGlobalSection
	GlobalSection(ProjectConfigurationPlatforms) = postSolution
		{408E2E6F-7CFC-5ABD-33D3-EA84C056C44C}.Debug|Any CPU.ActiveCfg = Debug|Any CPU
		{408E2E6F-7CFC-5ABD-33D3-EA84C056C44C}.Debug|Any CPU.Build.0 = Debug|Any CPU
		{408E2E6F-7CFC-5ABD-33D3-EA84C056C44C}.Release|Any CPU.ActiveCfg = Release|Any CPU
		{408E2E6F-7CFC-5ABD-33D3-EA84C056C44C}.Release|Any CPU.Build.0 = Release|Any CPU
		{BED1F140-4E15-3FED-1DBC-D230FDB849AB}.Debug|Any CPU.ActiveCfg = Debug|Any CPU
		{BED1F140-4E15-3FED-1DBC-D230FDB849AB}.Debug|Any CPU.Build.0 = Debug|Any CPU
		{BED1F140-4E15-3FED-1DBC-D230FDB849AB}.Release|Any CPU.ActiveCfg = Release|Any CPU
		{BED1F140-4E15-3FED-1DBC-D230FDB849AB}.Release|Any CPU.Build.0 = Release|Any CPU
		{4F16EBC5-1700-CAFD-BEAF-B46B8CCB0B3A}.Debug|Any CPU.ActiveCfg = Debug|Any CPU
		{4F16EBC5-1700-CAFD-BEAF-B46B8CCB0B3A}.Debug|Any CPU.Build.0 = Debug|Any CPU
		{4F16EBC5-1700-CAFD-BEAF-B46B8CCB0B3A}.Release|Any CPU.ActiveCfg = Release|Any CPU
		{4F16EBC5-1700-CAFD-BEAF-B46B8CCB0B3A}.Release|Any CPU.Build.0 = Release|Any CPU
		{DA6E3D04-48BB-1560-86AF-F0047008F637}.Debug|Any CPU.ActiveCfg = Debug|Any CPU
		{DA6E3D04-48BB-1560-86AF-F0047008F637}.Debug|Any CPU.Build.0 = Debug|Any CPU
		{DA6E3D04-48BB-1560-86AF-F0047008F637}.Release|Any CPU.ActiveCfg = Release|Any CPU
		{DA6E3D04-48BB-1560-86AF-F0047008F637}.Release|Any CPU.Build.0 = Release|Any CPU
		{A3AC8BE2-86C4-E460-9127-BDC5C7BC970F}.Debug|Any CPU.ActiveCfg = Debug|Any CPU
		{A3AC8BE2-86C4-E460-9127-BDC5C7BC970F}.Debug|Any CPU.Build.0 = Debug|Any CPU
		{A3AC8BE2-86C4-E460-9127-BDC5C7BC970F}.Release|Any CPU.ActiveCfg = Release|Any CPU
		{A3AC8BE2-86C4-E460-9127-BDC5C7BC970F}.Release|Any CPU.Build.0 = Release|Any CPU
		{AB11B248-3036-BDE0-B63F-24D0CBC3D2FD}.Debug|Any CPU.ActiveCfg = Debug|Any CPU
		{AB11B248-3036-BDE0-B63F-24D0CBC3D2FD}.Debug|Any CPU.Build.0 = Debug|Any CPU
		{AB11B248-3036-BDE0-B63F-24D0CBC3D2FD}.Release|Any CPU.ActiveCfg = Release|Any CPU
		{AB11B248-3036-BDE0-B63F-24D0CBC3D2FD}.Release|Any CPU.Build.0 = Release|Any CPU
		{1597EFCE-3E32-10A7-9A25-08DC01D68E9A}.Debug|Any CPU.ActiveCfg = Debug|Any CPU
		{1597EFCE-3E32-10A7-9A25-08DC01D68E9A}.Debug|Any CPU.Build.0 = Debug|Any CPU
		{1597EFCE-3E32-10A7-9A25-08DC01D68E9A}.Release|Any CPU.ActiveCfg = Release|Any CPU
		{1597EFCE-3E32-10A7-9A25-08DC01D68E9A}.Release|Any CPU.Build.0 = Release|Any CPU
		{C4136886-9F0D-068B-5F35-EB7A694B15D0}.Debug|Any CPU.ActiveCfg = Debug|Any CPU
		{C4136886-9F0D-068B-5F35-EB7A694B15D0}.Debug|Any CPU.Build.0 = Debug|Any CPU
		{C4136886-9F0D-068B-5F35-EB7A694B15D0}.Release|Any CPU.ActiveCfg = Release|Any CPU
		{C4136886-9F0D-068B-5F35-EB7A694B15D0}.Release|Any CPU.Build.0 = Release|Any CPU
		{E1125AD0-340B-F5B6-CE66-6AFED6D25FF3}.Debug|Any CPU.ActiveCfg = Debug|Any CPU
		{E1125AD0-340B-F5B6-CE66-6AFED6D25FF3}.Debug|Any CPU.Build.0 = Debug|Any CPU
		{E1125AD0-340B-F5B6-CE66-6AFED6D25FF3}.Release|Any CPU.ActiveCfg = Release|Any CPU
		{E1125AD0-340B-F5B6-CE66-6AFED6D25FF3}.Release|Any CPU.Build.0 = Release|Any CPU
		{918A5780-0BA9-1E99-FF02-39C2867DC906}.Debug|Any CPU.ActiveCfg = Debug|Any CPU
		{918A5780-0BA9-1E99-FF02-39C2867DC906}.Debug|Any CPU.Build.0 = Debug|Any CPU
		{918A5780-0BA9-1E99-FF02-39C2867DC906}.Release|Any CPU.ActiveCfg = Release|Any CPU
		{918A5780-0BA9-1E99-FF02-39C2867DC906}.Release|Any CPU.Build.0 = Release|Any CPU
		{97471FD4-CD60-255C-2E6C-03E124623EC3}.Debug|Any CPU.ActiveCfg = Debug|Any CPU
		{97471FD4-CD60-255C-2E6C-03E124623EC3}.Debug|Any CPU.Build.0 = Debug|Any CPU
		{97471FD4-CD60-255C-2E6C-03E124623EC3}.Release|Any CPU.ActiveCfg = Release|Any CPU
		{97471FD4-CD60-255C-2E6C-03E124623EC3}.Release|Any CPU.Build.0 = Release|Any CPU
		{85F41785-3714-A818-9169-30A6269653DE}.Debug|Any CPU.ActiveCfg = Debug|Any CPU
		{85F41785-3714-A818-9169-30A6269653DE}.Debug|Any CPU.Build.0 = Debug|Any CPU
		{85F41785-3714-A818-9169-30A6269653DE}.Release|Any CPU.ActiveCfg = Release|Any CPU
		{85F41785-3714-A818-9169-30A6269653DE}.Release|Any CPU.Build.0 = Release|Any CPU
		{9F051AF6-0F0C-C166-637C-37A3598DD909}.Debug|Any CPU.ActiveCfg = Debug|Any CPU
		{9F051AF6-0F0C-C166-637C-37A3598DD909}.Debug|Any CPU.Build.0 = Debug|Any CPU
		{9F051AF6-0F0C-C166-637C-37A3598DD909}.Release|Any CPU.ActiveCfg = Release|Any CPU
		{9F051AF6-0F0C-C166-637C-37A3598DD909}.Release|Any CPU.Build.0 = Release|Any CPU
		{3B97E343-07C0-1C40-D39D-9C02C9765A7D}.Debug|Any CPU.ActiveCfg = Debug|Any CPU
		{3B97E343-07C0-1C40-D39D-9C02C9765A7D}.Debug|Any CPU.Build.0 = Debug|Any CPU
		{3B97E343-07C0-1C40-D39D-9C02C9765A7D}.Release|Any CPU.ActiveCfg = Release|Any CPU
		{3B97E343-07C0-1C40-D39D-9C02C9765A7D}.Release|Any CPU.Build.0 = Release|Any CPU
		{8C6593A7-137D-2AFF-2505-9149342FB41F}.Debug|Any CPU.ActiveCfg = Debug|Any CPU
		{8C6593A7-137D-2AFF-2505-9149342FB41F}.Debug|Any CPU.Build.0 = Debug|Any CPU
		{8C6593A7-137D-2AFF-2505-9149342FB41F}.Release|Any CPU.ActiveCfg = Release|Any CPU
		{8C6593A7-137D-2AFF-2505-9149342FB41F}.Release|Any CPU.Build.0 = Release|Any CPU
		{62AA0D51-65FA-96D6-27DF-FA94DE2C484A}.Debug|Any CPU.ActiveCfg = Debug|Any CPU
		{62AA0D51-65FA-96D6-27DF-FA94DE2C484A}.Debug|Any CPU.Build.0 = Debug|Any CPU
		{62AA0D51-65FA-96D6-27DF-FA94DE2C484A}.Release|Any CPU.ActiveCfg = Release|Any CPU
		{62AA0D51-65FA-96D6-27DF-FA94DE2C484A}.Release|Any CPU.Build.0 = Release|Any CPU
		{16577DCF-A207-3BAD-D6BD-3BD4C3FBB446}.Debug|Any CPU.ActiveCfg = Debug|Any CPU
		{16577DCF-A207-3BAD-D6BD-3BD4C3FBB446}.Debug|Any CPU.Build.0 = Debug|Any CPU
		{16577DCF-A207-3BAD-D6BD-3BD4C3FBB446}.Release|Any CPU.ActiveCfg = Release|Any CPU
		{16577DCF-A207-3BAD-D6BD-3BD4C3FBB446}.Release|Any CPU.Build.0 = Release|Any CPU
		{5FF63B45-9EDD-6943-B254-9869815C4550}.Debug|Any CPU.ActiveCfg = Debug|Any CPU
		{5FF63B45-9EDD-6943-B254-9869815C4550}.Debug|Any CPU.Build.0 = Debug|Any CPU
		{5FF63B45-9EDD-6943-B254-9869815C4550}.Release|Any CPU.ActiveCfg = Release|Any CPU
		{5FF63B45-9EDD-6943-B254-9869815C4550}.Release|Any CPU.Build.0 = Release|Any CPU
	EndGlobalSection
	GlobalSection(SolutionProperties) = preSolution
		HideSolutionNode = FALSE
	EndGlobalSection
EndGlobal
